<Solution>
  <Folder Name="/Solution Items/">
    <File Path="compose.yaml" />
  </Folder>
  <Folder Name="/src/">
    <Project Path="src/StudyScheduler.API/StudyScheduler.API.csproj" />
    <Project Path="src/StudyScheduler.Domain/StudyScheduler.Domain.csproj" />
  </Folder>
  <Folder Name="/tests/">
    <Project Path="tests/StudyScheduler.Tests/StudyScheduler.Tests.csproj" />
  </Folder>
</Solution>